Microsoft Visual Studio Solution File, Format Version 12.00
# Visual Studio Version 18
VisualStudioVersion = 18.3.11218.70 d18.3
MinimumVisualStudioVersion = 10.0.40219.1
Project("{9A19103F-16F7-4668-BE54-9A1E7A4F7556}") = "SecureAuthDemo.Api", "SecureAuthDemo.Api\SecureAuthDemo.Api.csproj", "{E1B7F83B-1F8B-4A6F-A5E0-9E6B1D480001}"
EndProject
Project("{9A19103F-16F7-4668-BE54-9A1E7A4F7556}") = "SecureAuthDemo.Web", "SecureAuthDemo.Web\SecureAuthDemo.Web.csproj", "{2303AE70-15F0-47B6-AA5D-DD5FBAC84B33}"
EndProject
Global
	GlobalSection(SolutionConfigurationPlatforms) = preSolution
		Debug|Any CPU = Debug|Any CPU
		Release|Any CPU = Release|Any CPU
	EndGlobalSection
	GlobalSection(ProjectConfigurationPlatforms) = postSolution
		{E1B7F83B-1F8B-4A6F-A5E0-9E6B1D480001}.Debug|Any CPU.ActiveCfg = Debug|Any CPU
		{E1B7F83B-1F8B-4A6F-A5E0-9E6B1D480001}.Debug|Any CPU.Build.0 = Debug|Any CPU
		{E1B7F83B-1F8B-4A6F-A5E0-9E6B1D480001}.Release|Any CPU.ActiveCfg = Release|Any CPU
		{E1B7F83B-1F8B-4A6F-A5E0-9E6B1D480001}.Release|Any CPU.Build.0 = Release|Any CPU
		{2303AE70-15F0-47B6-AA5D-DD5FBAC84B33}.Debug|Any CPU.ActiveCfg = Debug|Any CPU
		{2303AE70-15F0-47B6-AA5D-DD5FBAC84B33}.Debug|Any CPU.Build.0 = Debug|Any CPU
		{2303AE70-15F0-47B6-AA5D-DD5FBAC84B33}.Release|Any CPU.ActiveCfg = Release|Any CPU
		{2303AE70-15F0-47B6-AA5D-DD5FBAC84B33}.Release|Any CPU.Build.0 = Release|Any CPU
	EndGlobalSection
	GlobalSection(SolutionProperties) = preSolution
		HideSolutionNode = FALSE
	EndGlobalSection
	GlobalSection(ExtensibilityGlobals) = postSolution
		SolutionGuid = {3E5FA215-7711-4894-93DC-E0A9787A0104}
	EndGlobalSection
EndGlobal
